// !$*UTF8*$!
{
	archiveVersion = 1;
	classes = {
	};
	objectVersion = 77;
	objects = {

/* Begin PBXBuildFile section */
		B9E641CF2CDC36720005F692 /* Chakras Watch App.app in Embed Watch Content */ = {isa = PBXBuildFile; fileRef = B9E641CE2CDC36720005F692 /* Chakras Watch App.app */; settings = {ATTRIBUTES = (RemoveHeadersOnCopy, ); }; };
/* End PBXBuildFile section */

/* Begin PBXContainerItemProxy section */
		B9E641D02CDC36720005F692 /* PBXContainerItemProxy */ = {
			isa = PBXContainerItemProxy;
			containerPortal = B9E641C22CDC36720005F692 /* Project object */;
			proxyType = 1;
			remoteGlobalIDString = B9E641CD2CDC36720005F692;
			remoteInfo = "Chakras Watch App";
		};
		B9E641E12CDC36730005F692 /* PBXContainerItemProxy */ = {
			isa = PBXContainerItemProxy;
			containerPortal = B9E641C22CDC36720005F692 /* Project object */;
			proxyType = 1;
			remoteGlobalIDString = B9E641CD2CDC36720005F692;
			remoteInfo = "Chakras Watch App";
		};
		B9E641EB2CDC36730005F692 /* PBXContainerItemProxy */ = {
			isa = PBXContainerItemProxy;
			containerPortal = B9E641C22CDC36720005F692 /* Project object */;
			proxyType = 1;
			remoteGlobalIDString = B9E641CD2CDC36720005F692;
			remoteInfo = "Chakras Watch App";
		};
/* End PBXContainerItemProxy section */

/* Begin PBXCopyFilesBuildPhase section */
		B9E641F72CDC36730005F692 /* Embed Watch Content */ = {
			isa = PBXCopyFilesBuildPhase;
			buildActionMask = 2147483647;
			dstPath = "$(CONTENTS_FOLDER_PATH)/Watch";
			dstSubfolderSpec = 16;
			files = (
				B9E641CF2CDC36720005F692 /* Chakras Watch App.app in Embed Watch Content */,
			);
			name = "Embed Watch Content";
			runOnlyForDeploymentPostprocessing = 0;
		};
/* End PBXCopyFilesBuildPhase section */

/* Begin PBXFileReference section */
		B9E641C82CDC36720005F692 /* Chakras.app */ = {isa = PBXFileReference; explicitFileType = wrapper.application; includeInIndex = 0; path = Chakras.app; sourceTree = BUILT_PRODUCTS_DIR; };
		B9E641CE2CDC36720005F692 /* Chakras Watch App.app */ = {isa = PBXFileReference; explicitFileType = wrapper.application; includeInIndex = 0; path = "Chakras Watch App.app"; sourceTree = BUILT_PRODUCTS_DIR; };
		B9E641E02CDC36730005F692 /* Chakras Watch AppTests.xctest */ = {isa = PBXFileReference; explicitFileType = wrapper.cfbundle; includeInIndex = 0; path = "Chakras Watch AppTests.xctest"; sourceTree = BUILT_PRODUCTS_DIR; };
		B9E641EA2CDC36730005F692 /* Chakras Watch AppUITests.xctest */ = {isa = PBXFileReference; explicitFileType = wrapper.cfbundle; includeInIndex = 0; path = "Chakras Watch AppUITests.xctest"; sourceTree = BUILT_PRODUCTS_DIR; };
/* End PBXFileReference section */

/* Begin PBXFileSystemSynchronizedRootGroup section */
		B9E641D22CDC36720005F692 /* Chakras Watch App */ = {
			isa = PBXFileSystemSynchronizedRootGroup;
			path = "Chakras Watch App";
			sourceTree = "<group>";
		};
		B9E641E32CDC36730005F692 /* Chakras Watch AppTests */ = {
			isa = PBXFileSystemSynchronizedRootGroup;
			path = "Chakras Watch AppTests";
			sourceTree = "<group>";
		};
		B9E641ED2CDC36730005F692 /* Chakras Watch AppUITests */ = {
			isa = PBXFileSystemSynchronizedRootGroup;
			path = "Chakras Watch AppUITests";
			sourceTree = "<group>";
		};
/* End PBXFileSystemSynchronizedRootGroup section */

/* Begin PBXFrameworksBuildPhase section */
		B9E641CB2CDC36720005F692 /* Frameworks */ = {
			isa = PBXFrameworksBuildPhase;
			buildActionMask = 2147483647;
			files = (
			);
			runOnlyForDeploymentPostprocessing = 0;
		};
		B9E641DD2CDC36730005F692 /* Frameworks */ = {
			isa = PBXFrameworksBuildPhase;
			buildActionMask = 2147483647;
			files = (
			);
			runOnlyForDeploymentPostprocessing = 0;
		};
		B9E641E72CDC36730005F692 /* Frameworks */ = {
			isa = PBXFrameworksBuildPhase;
			buildActionMask = 2147483647;
			files = (
			);
			runOnlyForDeploymentPostprocessing = 0;
		};
/* End PBXFrameworksBuildPhase section */

/* Begin PBXGroup section */
		B9E641C12CDC36720005F692 = {
			isa = PBXGroup;
			children = (
				B9E641D22CDC36720005F692 /* Chakras Watch App */,
				B9E641E32CDC36730005F692 /* Chakras Watch AppTests */,
				B9E641ED2CDC36730005F692 /* Chakras Watch AppUITests */,
				B9E641C92CDC36720005F692 /* Products */,
			);
			sourceTree = "<group>";
		};
		B9E641C92CDC36720005F692 /* Products */ = {
			isa = PBXGroup;
			children = (
				B9E641C82CDC36720005F692 /* Chakras.app */,
				B9E641CE2CDC36720005F692 /* Chakras Watch App.app */,
				B9E641E02CDC36730005F692 /* Chakras Watch AppTests.xctest */,
				B9E641EA2CDC36730005F692 /* Chakras Watch AppUITests.xctest */,
			);
			name = Products;
			sourceTree = "<group>";
		};
/* End PBXGroup section */

/* Begin PBXNativeTarget section */
		B9E641C72CDC36720005F692 /* Chakras */ = {
			isa = PBXNativeTarget;
			buildConfigurationList = B9E641F82CDC36730005F692 /* Build configuration list for PBXNativeTarget "Chakras" */;
			buildPhases = (
				B9E641C62CDC36720005F692 /* Resources */,
				B9E641F72CDC36730005F692 /* Embed Watch Content */,
			);
			buildRules = (
			);
			dependencies = (
				B9E641D12CDC36720005F692 /* PBXTargetDependency */,
			);
			name = Chakras;
			packageProductDependencies = (
			);
			productName = Chakras;
			productReference = B9E641C82CDC36720005F692 /* Chakras.app */;
			productType = "com.apple.product-type.application.watchapp2-container";
		};
		B9E641CD2CDC36720005F692 /* Chakras Watch App */ = {
			isa = PBXNativeTarget;
			buildConfigurationList = B9E641F42CDC36730005F692 /* Build configuration list for PBXNativeTarget "Chakras Watch App" */;
			buildPhases = (
				B9E641CA2CDC36720005F692 /* Sources */,
				B9E641CB2CDC36720005F692 /* Frameworks */,
				B9E641CC2CDC36720005F692 /* Resources */,
			);
			buildRules = (
			);
			dependencies = (
			);
			fileSystemSynchronizedGroups = (
				B9E641D22CDC36720005F692 /* Chakras Watch App */,
			);
			name = "Chakras Watch App";
			packageProductDependencies = (
			);
			productName = "Chakras Watch App";
			productReference = B9E641CE2CDC36720005F692 /* Chakras Watch App.app */;
			productType = "com.apple.product-type.application";
		};
		B9E641DF2CDC36730005F692 /* Chakras Watch AppTests */ = {
			isa = PBXNativeTarget;
			buildConfigurationList = B9E641FB2CDC36730005F692 /* Build configuration list for PBXNativeTarget "Chakras Watch AppTests" */;
			buildPhases = (
				B9E641DC2CDC36730005F692 /* Sources */,
				B9E641DD2CDC36730005F692 /* Frameworks */,
				B9E641DE2CDC36730005F692 /* Resources */,
			);
			buildRules = (
			);
			dependencies = (
				B9E641E22CDC36730005F692 /* PBXTargetDependency */,
			);
			fileSystemSynchronizedGroups = (
				B9E641E32CDC36730005F692 /* Chakras Watch AppTests */,
			);
			name = "Chakras Watch AppTests";
			packageProductDependencies = (
			);
			productName = "Chakras Watch AppTests";
			productReference = B9E641E02CDC36730005F692 /* Chakras Watch AppTests.xctest */;
			productType = "com.apple.product-type.bundle.unit-test";
		};
		B9E641E92CDC36730005F692 /* Chakras Watch AppUITests */ = {
			isa = PBXNativeTarget;
			buildConfigurationList = B9E641FE2CDC36730005F692 /* Build configuration list for PBXNativeTarget "Chakras Watch AppUITests" */;
			buildPhases = (
				B9E641E62CDC36730005F692 /* Sources */,
				B9E641E72CDC36730005F692 /* Frameworks */,
				B9E641E82CDC36730005F692 /* Resources */,
			);
			buildRules = (
			);
			dependencies = (
				B9E641EC2CDC36730005F692 /* PBXTargetDependency */,
			);
			fileSystemSynchronizedGroups = (
				B9E641ED2CDC36730005F692 /* Chakras Watch AppUITests */,
			);
			name = "Chakras Watch AppUITests";
			packageProductDependencies = (
			);
			productName = "Chakras Watch AppUITests";
			productReference = B9E641EA2CDC36730005F692 /* Chakras Watch AppUITests.xctest */;
			productType = "com.apple.product-type.bundle.ui-testing";
		};
/* End PBXNativeTarget section */

/* Begin PBXProject section */
		B9E641C22CDC36720005F692 /* Project object */ = {
			isa = PBXProject;
			attributes = {
				BuildIndependentTargetsInParallel = 1;
				LastSwiftUpdateCheck = 1600;
				LastUpgradeCheck = 1600;
				TargetAttributes = {
					B9E641C72CDC36720005F692 = {
						CreatedOnToolsVersion = 16.0;
					};
					B9E641CD2CDC36720005F692 = {
						CreatedOnToolsVersion = 16.0;
					};
					B9E641DF2CDC36730005F692 = {
						CreatedOnToolsVersion = 16.0;
						TestTargetID = B9E641CD2CDC36720005F692;
					};
					B9E641E92CDC36730005F692 = {
						CreatedOnToolsVersion = 16.0;
						TestTargetID = B9E641CD2CDC36720005F692;
					};
				};
			};
			buildConfigurationList = B9E641C52CDC36720005F692 /* Build configuration list for PBXProject "Chakras" */;
			developmentRegion = en;
			hasScannedForEncodings = 0;
			knownRegions = (
				en,
				Base,
			);
			mainGroup = B9E641C12CDC36720005F692;
			minimizedProjectReferenceProxies = 1;
			preferredProjectObjectVersion = 77;
			productRefGroup = B9E641C92CDC36720005F692 /* Products */;
			projectDirPath = "";
			projectRoot = "";
			targets = (
				B9E641C72CDC36720005F692 /* Chakras */,
				B9E641CD2CDC36720005F692 /* Chakras Watch App */,
				B9E641DF2CDC36730005F692 /* Chakras Watch AppTests */,
				B9E641E92CDC36730005F692 /* Chakras Watch AppUITests */,
			);
		};
/* End PBXProject section */

/* Begin PBXResourcesBuildPhase section */
		B9E641C62CDC36720005F692 /* Resources */ = {
			isa = PBXResourcesBuildPhase;
			buildActionMask = 2147483647;
			files = (
			);
			runOnlyForDeploymentPostprocessing = 0;
		};
		B9E641CC2CDC36720005F692 /* Resources */ = {
			isa = PBXResourcesBuildPhase;
			buildActionMask = 2147483647;
			files = (
			);
			runOnlyForDeploymentPostprocessing = 0;
		};
		B9E641DE2CDC36730005F692 /* Resources */ = {
			isa = PBXResourcesBuildPhase;
			buildActionMask = 2147483647;
			files = (
			);
			runOnlyForDeploymentPostprocessing = 0;
		};
		B9E641E82CDC36730005F692 /* Resources */ = {
			isa = PBXResourcesBuildPhase;
			buildActionMask = 2147483647;
			files = (
			);
			runOnlyForDeploymentPostprocessing = 0;
		};
/* End PBXResourcesBuildPhase section */

/* Begin PBXSourcesBuildPhase section */
		B9E641CA2CDC36720005F692 /* Sources */ = {
			isa = PBXSourcesBuildPhase;
			buildActionMask = 2147483647;
			files = (
			);
			runOnlyForDeploymentPostprocessing = 0;
		};
		B9E641DC2CDC36730005F692 /* Sources */ = {
			isa = PBXSourcesBuildPhase;
			buildActionMask = 2147483647;
			files = (
			);
			runOnlyForDeploymentPostprocessing = 0;
		};
		B9E641E62CDC36730005F692 /* Sources */ = {
			isa = PBXSourcesBuildPhase;
			buildActionMask = 2147483647;
			files = (
			);
			runOnlyForDeploymentPostprocessing = 0;
		};
/* End PBXSourcesBuildPhase section */

/* Begin PBXTargetDependency section */
		B9E641D12CDC36720005F692 /* PBXTargetDependency */ = {
			isa = PBXTargetDependency;
			target = B9E641CD2CDC36720005F692 /* Chakras Watch App */;
			targetProxy = B9E641D02CDC36720005F692 /* PBXContainerItemProxy */;
		};
		B9E641E22CDC36730005F692 /* PBXTargetDependency */ = {
			isa = PBXTargetDependency;
			target = B9E641CD2CDC36720005F692 /* Chakras Watch App */;
			targetProxy = B9E641E12CDC36730005F692 /* PBXContainerItemProxy */;
		};
		B9E641EC2CDC36730005F692 /* PBXTargetDependency */ = {
			isa = PBXTargetDependency;
			target = B9E641CD2CDC36720005F692 /* Chakras Watch App */;
			targetProxy = B9E641EB2CDC36730005F692 /* PBXContainerItemProxy */;
		};
/* End PBXTargetDependency section */

/* Begin XCBuildConfiguration section */
		B9E641F22CDC36730005F692 /* Debug */ = {
			isa = XCBuildConfiguration;
			buildSettings = {
				ALWAYS_SEARCH_USER_PATHS = NO;
				ASSETCATALOG_COMPILER_GENERATE_SWIFT_ASSET_SYMBOL_EXTENSIONS = YES;
				CLANG_ANALYZER_NONNULL = YES;
				CLANG_ANALYZER_NUMBER_OBJECT_CONVERSION = YES_AGGRESSIVE;
				CLANG_CXX_LANGUAGE_STANDARD = "gnu++20";
				CLANG_ENABLE_MODULES = YES;
				CLANG_ENABLE_OBJC_ARC = YES;
				CLANG_ENABLE_OBJC_WEAK = YES;
				CLANG_WARN_BLOCK_CAPTURE_AUTORELEASING = YES;
				CLANG_WARN_BOOL_CONVERSION = YES;
				CLANG_WARN_COMMA = YES;
				CLANG_WARN_CONSTANT_CONVERSION = YES;
				CLANG_WARN_DEPRECATED_OBJC_IMPLEMENTATIONS = YES;
				CLANG_WARN_DIRECT_OBJC_ISA_USAGE = YES_ERROR;
				CLANG_WARN_DOCUMENTATION_COMMENTS = YES;
				CLANG_WARN_EMPTY_BODY = YES;
				CLANG_WARN_ENUM_CONVERSION = YES;
				CLANG_WARN_INFINITE_RECURSION = YES;
				CLANG_WARN_INT_CONVERSION = YES;
				CLANG_WARN_NON_LITERAL_NULL_CONVERSION = YES;
				CLANG_WARN_OBJC_IMPLICIT_RETAIN_SELF = YES;
				CLANG_WARN_OBJC_LITERAL_CONVERSION = YES;
				CLANG_WARN_OBJC_ROOT_CLASS = YES_ERROR;
				CLANG_WARN_QUOTED_INCLUDE_IN_FRAMEWORK_HEADER = YES;
				CLANG_WARN_RANGE_LOOP_ANALYSIS = YES;
				CLANG_WARN_STRICT_PROTOTYPES = YES;
				CLANG_WARN_SUSPICIOUS_MOVE = YES;
				CLANG_WARN_UNGUARDED_AVAILABILITY = YES_AGGRESSIVE;
				CLANG_WARN_UNREACHABLE_CODE = YES;
				CLANG_WARN__DUPLICATE_METHOD_MATCH = YES;
				COPY_PHASE_STRIP = NO;
				DEBUG_INFORMATION_FORMAT = dwarf;
				ENABLE_STRICT_OBJC_MSGSEND = YES;
				ENABLE_TESTABILITY = YES;
				ENABLE_USER_SCRIPT_SANDBOXING = YES;
				GCC_C_LANGUAGE_STANDARD = gnu17;
				GCC_DYNAMIC_NO_PIC = NO;
				GCC_NO_COMMON_BLOCKS = YES;
				GCC_OPTIMIZATION_LEVEL = 0;
				GCC_PREPROCESSOR_DEFINITIONS = (
					"DEBUG=1",
					"$(inherited)",
				);
				GCC_WARN_64_TO_32_BIT_CONVERSION = YES;
				GCC_WARN_ABOUT_RETURN_TYPE = YES_ERROR;
				GCC_WARN_UNDECLARED_SELECTOR = YES;
				GCC_WARN_UNINITIALIZED_AUTOS = YES_AGGRESSIVE;
				GCC_WARN_UNUSED_FUNCTION = YES;
				GCC_WARN_UNUSED_VARIABLE = YES;
				LOCALIZATION_PREFERS_STRING_CATALOGS = YES;
				MTL_ENABLE_DEBUG_INFO = INCLUDE_SOURCE;
				MTL_FAST_MATH = YES;
				ONLY_ACTIVE_ARCH = YES;
				SWIFT_ACTIVE_COMPILATION_CONDITIONS = "DEBUG $(inherited)";
				SWIFT_OPTIMIZATION_LEVEL = "-Onone";
			};
			name = Debug;
		};
		B9E641F32CDC36730005F692 /* Release */ = {
			isa = XCBuildConfiguration;
			buildSettings = {
				ALWAYS_SEARCH_USER_PATHS = NO;
				ASSETCATALOG_COMPILER_GENERATE_SWIFT_ASSET_SYMBOL_EXTENSIONS = YES;
				CLANG_ANALYZER_NONNULL = YES;
				CLANG_ANALYZER_NUMBER_OBJECT_CONVERSION = YES_AGGRESSIVE;
				CLANG_CXX_LANGUAGE_STANDARD = "gnu++20";
				CLANG_ENABLE_MODULES = YES;
				CLANG_ENABLE_OBJC_ARC = YES;
				CLANG_ENABLE_OBJC_WEAK = YES;
				CLANG_WARN_BLOCK_CAPTURE_AUTORELEASING = YES;
				CLANG_WARN_BOOL_CONVERSION = YES;
				CLANG_WARN_COMMA = YES;
				CLANG_WARN_CONSTANT_CONVERSION = YES;
				CLANG_WARN_DEPRECATED_OBJC_IMPLEMENTATIONS = YES;
				CLANG_WARN_DIRECT_OBJC_ISA_USAGE = YES_ERROR;
				CLANG_WARN_DOCUMENTATION_COMMENTS = YES;
				CLANG_WARN_EMPTY_BODY = YES;
				CLANG_WARN_ENUM_CONVERSION = YES;
				CLANG_WARN_INFINITE_RECURSION = YES;
				CLANG_WARN_INT_CONVERSION = YES;
				CLANG_WARN_NON_LITERAL_NULL_CONVERSION = YES;
				CLANG_WARN_OBJC_IMPLICIT_RETAIN_SELF = YES;
				CLANG_WARN_OBJC_LITERAL_CONVERSION = YES;
				CLANG_WARN_OBJC_ROOT_CLASS = YES_ERROR;
				CLANG_WARN_QUOTED_INCLUDE_IN_FRAMEWORK_HEADER = YES;
				CLANG_WARN_RANGE_LOOP_ANALYSIS = YES;
				CLANG_WARN_STRICT_PROTOTYPES = YES;
				CLANG_WARN_SUSPICIOUS_MOVE = YES;
				CLANG_WARN_UNGUARDED_AVAILABILITY = YES_AGGRESSIVE;
				CLANG_WARN_UNREACHABLE_CODE = YES;
				CLANG_WARN__DUPLICATE_METHOD_MATCH = YES;
				COPY_PHASE_STRIP = NO;
				DEBUG_INFORMATION_FORMAT = "dwarf-with-dsym";
				ENABLE_NS_ASSERTIONS = NO;
				ENABLE_STRICT_OBJC_MSGSEND = YES;
				ENABLE_USER_SCRIPT_SANDBOXING = YES;
				GCC_C_LANGUAGE_STANDARD = gnu17;
				GCC_NO_COMMON_BLOCKS = YES;
				GCC_WARN_64_TO_32_BIT_CONVERSION = YES;
				GCC_WARN_ABOUT_RETURN_TYPE = YES_ERROR;
				GCC_WARN_UNDECLARED_SELECTOR = YES;
				GCC_WARN_UNINITIALIZED_AUTOS = YES_AGGRESSIVE;
				GCC_WARN_UNUSED_FUNCTION = YES;
				GCC_WARN_UNUSED_VARIABLE = YES;
				LOCALIZATION_PREFERS_STRING_CATALOGS = YES;
				MTL_ENABLE_DEBUG_INFO = NO;
				MTL_FAST_MATH = YES;
				SWIFT_COMPILATION_MODE = wholemodule;
			};
			name = Release;
		};
		B9E641F52CDC36730005F692 /* Debug */ = {
			isa = XCBuildConfiguration;
			buildSettings = {
				ASSETCATALOG_COMPILER_APPICON_NAME = AppIcon;
				ASSETCATALOG_COMPILER_GLOBAL_ACCENT_COLOR_NAME = AccentColor;
				CODE_SIGN_ENTITLEMENTS = "Chakras Watch App/Chakras Watch App.entitlements";
				CODE_SIGN_STYLE = Automatic;
				CURRENT_PROJECT_VERSION = 1;
				DEVELOPMENT_ASSET_PATHS = "\"Chakras Watch App/Preview Content\"";
				DEVELOPMENT_TEAM = TWJ3PXNLK2;
				ENABLE_PREVIEWS = YES;
				GENERATE_INFOPLIST_FILE = YES;
				INFOPLIST_KEY_CFBundleDisplayName = Chakras;
				INFOPLIST_KEY_NSHealthShareUsageDescription = "text NSHealthShareUsageDescription";
				INFOPLIST_KEY_UISupportedInterfaceOrientations = "UIInterfaceOrientationPortrait UIInterfaceOrientationPortraitUpsideDown";
				INFOPLIST_KEY_WKWatchOnly = YES;
				LD_RUNPATH_SEARCH_PATHS = (
					"$(inherited)",
					"@executable_path/Frameworks",
				);
				MARKETING_VERSION = 1.0;
				PRODUCT_BUNDLE_IDENTIFIER = PierreAnders.Chakras.watchkitapp;
				PRODUCT_NAME = "$(TARGET_NAME)";
				SDKROOT = watchos;
				SKIP_INSTALL = YES;
				SWIFT_EMIT_LOC_STRINGS = YES;
				SWIFT_VERSION = 5.0;
				TARGETED_DEVICE_FAMILY = 4;
				WATCHOS_DEPLOYMENT_TARGET = 11.0;
			};
			name = Debug;
		};
		B9E641F62CDC36730005F692 /* Release */ = {
			isa = XCBuildConfiguration;
			buildSettings = {
				ASSETCATALOG_COMPILER_APPICON_NAME = AppIcon;
				ASSETCATALOG_COMPILER_GLOBAL_ACCENT_COLOR_NAME = AccentColor;
				CODE_SIGN_ENTITLEMENTS = "Chakras Watch App/Chakras Watch App.entitlements";
				CODE_SIGN_STYLE = Automatic;
				CURRENT_PROJECT_VERSION = 1;
				DEVELOPMENT_ASSET_PATHS = "\"Chakras Watch App/Preview Content\"";
				DEVELOPMENT_TEAM = TWJ3PXNLK2;
				ENABLE_PREVIEWS = YES;
				GENERATE_INFOPLIST_FILE = YES;
				INFOPLIST_KEY_CFBundleDisplayName = Chakras;
				INFOPLIST_KEY_NSHealthShareUsageDescription = "text NSHealthShareUsageDescription";
				INFOPLIST_KEY_UISupportedInterfaceOrientations = "UIInterfaceOrientationPortrait UIInterfaceOrientationPortraitUpsideDown";
				INFOPLIST_KEY_WKWatchOnly = YES;
				LD_RUNPATH_SEARCH_PATHS = (
					"$(inherited)",
					"@executable_path/Frameworks",
				);
				MARKETING_VERSION = 1.0;
				PRODUCT_BUNDLE_IDENTIFIER = PierreAnders.Chakras.watchkitapp;
				PRODUCT_NAME = "$(TARGET_NAME)";
				SDKROOT = watchos;
				SKIP_INSTALL = YES;
				SWIFT_EMIT_LOC_STRINGS = YES;
				SWIFT_VERSION = 5.0;
				TARGETED_DEVICE_FAMILY = 4;
				VALIDATE_PRODUCT = YES;
				WATCHOS_DEPLOYMENT_TARGET = 11.0;
			};
			name = Release;
		};
		B9E641F92CDC36730005F692 /* Debug */ = {
			isa = XCBuildConfiguration;
			buildSettings = {
				CODE_SIGN_STYLE = Automatic;
				CURRENT_PROJECT_VERSION = 1;
				DEVELOPMENT_TEAM = TWJ3PXNLK2;
				INFOPLIST_KEY_CFBundleDisplayName = Chakras;
				MARKETING_VERSION = 1.0;
				PRODUCT_BUNDLE_IDENTIFIER = PierreAnders.Chakras;
				PRODUCT_NAME = "$(TARGET_NAME)";
				SDKROOT = iphoneos;
				SWIFT_VERSION = 5.0;
			};
			name = Debug;
		};
		B9E641FA2CDC36730005F692 /* Release */ = {
			isa = XCBuildConfiguration;
			buildSettings = {
				CODE_SIGN_STYLE = Automatic;
				CURRENT_PROJECT_VERSION = 1;
				DEVELOPMENT_TEAM = TWJ3PXNLK2;
				INFOPLIST_KEY_CFBundleDisplayName = Chakras;
				MARKETING_VERSION = 1.0;
				PRODUCT_BUNDLE_IDENTIFIER = PierreAnders.Chakras;
				PRODUCT_NAME = "$(TARGET_NAME)";
				SDKROOT = iphoneos;
				SWIFT_VERSION = 5.0;
				VALIDATE_PRODUCT = YES;
			};
			name = Release;
		};
		B9E641FC2CDC36730005F692 /* Debug */ = {
			isa = XCBuildConfiguration;
			buildSettings = {
				BUNDLE_LOADER = "$(TEST_HOST)";
				CODE_SIGN_STYLE = Automatic;
				CURRENT_PROJECT_VERSION = 1;
				DEVELOPMENT_TEAM = TWJ3PXNLK2;
				GENERATE_INFOPLIST_FILE = YES;
				MARKETING_VERSION = 1.0;
				PRODUCT_BUNDLE_IDENTIFIER = "PierreAnders.Chakras-Watch-AppTests";
				PRODUCT_NAME = "$(TARGET_NAME)";
				SDKROOT = watchos;
				SWIFT_EMIT_LOC_STRINGS = NO;
				SWIFT_VERSION = 5.0;
				TARGETED_DEVICE_FAMILY = 4;
				TEST_HOST = "$(BUILT_PRODUCTS_DIR)/Chakras Watch App.app/$(BUNDLE_EXECUTABLE_FOLDER_PATH)/Chakras Watch App";
				WATCHOS_DEPLOYMENT_TARGET = 11.0;
			};
			name = Debug;
		};
		B9E641FD2CDC36730005F692 /* Release */ = {
			isa = XCBuildConfiguration;
			buildSettings = {
				BUNDLE_LOADER = "$(TEST_HOST)";
				CODE_SIGN_STYLE = Automatic;
				CURRENT_PROJECT_VERSION = 1;
				DEVELOPMENT_TEAM = TWJ3PXNLK2;
				GENERATE_INFOPLIST_FILE = YES;
				MARKETING_VERSION = 1.0;
				PRODUCT_BUNDLE_IDENTIFIER = "PierreAnders.Chakras-Watch-AppTests";
				PRODUCT_NAME = "$(TARGET_NAME)";
				SDKROOT = watchos;
				SWIFT_EMIT_LOC_STRINGS = NO;
				SWIFT_VERSION = 5.0;
				TARGETED_DEVICE_FAMILY = 4;
				TEST_HOST = "$(BUILT_PRODUCTS_DIR)/Chakras Watch App.app/$(BUNDLE_EXECUTABLE_FOLDER_PATH)/Chakras Watch App";
				VALIDATE_PRODUCT = YES;
				WATCHOS_DEPLOYMENT_TARGET = 11.0;
			};
			name = Release;
		};
		B9E641FF2CDC36730005F692 /* Debug */ = {
			isa = XCBuildConfiguration;
			buildSettings = {
				CODE_SIGN_STYLE = Automatic;
				CURRENT_PROJECT_VERSION = 1;
				DEVELOPMENT_TEAM = TWJ3PXNLK2;
				GENERATE_INFOPLIST_FILE = YES;
				MARKETING_VERSION = 1.0;
				PRODUCT_BUNDLE_IDENTIFIER = "PierreAnders.Chakras-Watch-AppUITests";
				PRODUCT_NAME = "$(TARGET_NAME)";
				SDKROOT = watchos;
				SWIFT_EMIT_LOC_STRINGS = NO;
				SWIFT_VERSION = 5.0;
				TARGETED_DEVICE_FAMILY = 4;
				TEST_TARGET_NAME = "Chakras Watch App";
				WATCHOS_DEPLOYMENT_TARGET = 11.0;
			};
			name = Debug;
		};
		B9E642002CDC36730005F692 /* Release */ = {
			isa = XCBuildConfiguration;
			buildSettings = {
				CODE_SIGN_STYLE = Automatic;
				CURRENT_PROJECT_VERSION = 1;
				DEVELOPMENT_TEAM = TWJ3PXNLK2;
				GENERATE_INFOPLIST_FILE = YES;
				MARKETING_VERSION = 1.0;
				PRODUCT_BUNDLE_IDENTIFIER = "PierreAnders.Chakras-Watch-AppUITests";
				PRODUCT_NAME = "$(TARGET_NAME)";
				SDKROOT = watchos;
				SWIFT_EMIT_LOC_STRINGS = NO;
				SWIFT_VERSION = 5.0;
				TARGETED_DEVICE_FAMILY = 4;
				TEST_TARGET_NAME = "Chakras Watch App";
				VALIDATE_PRODUCT = YES;
				WATCHOS_DEPLOYMENT_TARGET = 11.0;
			};
			name = Release;
		};
/* End XCBuildConfiguration section */

/* Begin XCConfigurationList section */
		B9E641C52CDC36720005F692 /* Build configuration list for PBXProject "Chakras" */ = {
			isa = XCConfigurationList;
			buildConfigurations = (
				B9E641F22CDC36730005F692 /* Debug */,
				B9E641F32CDC36730005F692 /* Release */,
			);
			defaultConfigurationIsVisible = 0;
			defaultConfigurationName = Release;
		};
		B9E641F42CDC36730005F692 /* Build configuration list for PBXNativeTarget "Chakras Watch App" */ = {
			isa = XCConfigurationList;
			buildConfigurations = (
				B9E641F52CDC36730005F692 /* Debug */,
				B9E641F62CDC36730005F692 /* Release */,
			);
			defaultConfigurationIsVisible = 0;
			defaultConfigurationName = Release;
		};
		B9E641F82CDC36730005F692 /* Build configuration list for PBXNativeTarget "Chakras" */ = {
			isa = XCConfigurationList;
			buildConfigurations = (
				B9E641F92CDC36730005F692 /* Debug */,
				B9E641FA2CDC36730005F692 /* Release */,
			);
			defaultConfigurationIsVisible = 0;
			defaultConfigurationName = Release;
		};
		B9E641FB2CDC36730005F692 /* Build configuration list for PBXNativeTarget "Chakras Watch AppTests" */ = {
			isa = XCConfigurationList;
			buildConfigurations = (
				B9E641FC2CDC36730005F692 /* Debug */,
				B9E641FD2CDC36730005F692 /* Release */,
			);
			defaultConfigurationIsVisible = 0;
			defaultConfigurationName = Release;
		};
		B9E641FE2CDC36730005F692 /* Build configuration list for PBXNativeTarget "Chakras Watch AppUITests" */ = {
			isa = XCConfigurationList;
			buildConfigurations = (
				B9E641FF2CDC36730005F692 /* Debug */,
				B9E642002CDC36730005F692 /* Release */,
			);
			defaultConfigurationIsVisible = 0;
			defaultConfigurationName = Release;
		};
/* End XCConfigurationList section */
	};
	rootObject = B9E641C22CDC36720005F692 /* Project object */;
}
